{
  "object": {
    "pins": [
      {
        "package": "PathKit",
        "repositoryURL": "git@github.com:warren-dev-ios/PathKit.git",
        "state": {
          "branch": "master",
          "revision": "a4fffd6456c36d16f5442cf67579efc34ea6deea",
          "version": null
        }
      },
      {
        "package": "Spectre",
        "repositoryURL": "git@github.com:warren-dev-ios/Spectre.git",
        "state": {
          "branch": "master",
          "revision": "c4c98b558db1d8dec87d966015f28ad77f10e3d1",
          "version": null
        }
      }
    ]
  },
  "version": 1
}
